
Microsoft Visual Studio Solution File, Format Version 12.00
# Visual Studio Version 17
VisualStudioVersion = 17.4.33122.133
MinimumVisualStudioVersion = 10.0.40219.1
Project("{FAE04EC0-301F-11D3-BF4B-00C04F79EFBC}") = "Demo.API", "Demo.API\Demo.API.csproj", "{49D261E3-0FF0-449E-AA08-0FAE7EC24CA5}"
EndProject
Project("{FAE04EC0-301F-11D3-BF4B-00C04F79EFBC}") = "Demo.BusinessTier", "Demo.BusinessTier\Demo.BusinessTier.csproj", "{5D2D9BEB-4198-4215-9D61-1791662FC9D7}"
EndProject
Project("{FAE04EC0-301F-11D3-BF4B-00C04F79EFBC}") = "Demo.DataTier", "Demo.DataTier\Demo.DataTier.csproj", "{BA5AB6EF-9499-42EE-9356-BC42D746EA6A}"
EndProject
Global
	GlobalSection(SolutionConfigurationPlatforms) = preSolution
		Debug|Any CPU = Debug|Any CPU
		Release|Any CPU = Release|Any CPU
	EndGlobalSection
	GlobalSection(ProjectConfigurationPlatforms) = postSolution
		{49D261E3-0FF0-449E-AA08-0FAE7EC24CA5}.Debug|Any CPU.ActiveCfg = Debug|Any CPU
		{49D261E3-0FF0-449E-AA08-0FAE7EC24CA5}.Debug|Any CPU.Build.0 = Debug|Any CPU
		{49D261E3-0FF0-449E-AA08-0FAE7EC24CA5}.Release|Any CPU.ActiveCfg = Release|Any CPU
		{49D261E3-0FF0-449E-AA08-0FAE7EC24CA5}.Release|Any CPU.Build.0 = Release|Any CPU
		{5D2D9BEB-4198-4215-9D61-1791662FC9D7}.Debug|Any CPU.ActiveCfg = Debug|Any CPU
		{5D2D9BEB-4198-4215-9D61-1791662FC9D7}.Debug|Any CPU.Build.0 = Debug|Any CPU
		{5D2D9BEB-4198-4215-9D61-1791662FC9D7}.Release|Any CPU.ActiveCfg = Release|Any CPU
		{5D2D9BEB-4198-4215-9D61-1791662FC9D7}.Release|Any CPU.Build.0 = Release|Any CPU
		{BA5AB6EF-9499-42EE-9356-BC42D746EA6A}.Debug|Any CPU.ActiveCfg = Debug|Any CPU
		{BA5AB6EF-9499-42EE-9356-BC42D746EA6A}.Debug|Any CPU.Build.0 = Debug|Any CPU
		{BA5AB6EF-9499-42EE-9356-BC42D746EA6A}.Release|Any CPU.ActiveCfg = Release|Any CPU
		{BA5AB6EF-9499-42EE-9356-BC42D746EA6A}.Release|Any CPU.Build.0 = Release|Any CPU
	EndGlobalSection
	GlobalSection(SolutionProperties) = preSolution
		HideSolutionNode = FALSE
	EndGlobalSection
	GlobalSection(ExtensibilityGlobals) = postSolution
		SolutionGuid = {BE6A2F86-3773-47DB-9C93-A5B5384B44A7}
	EndGlobalSection
EndGlobal
